Microsoft Visual Studio Solution File, Format Version 12.00
# Visual Studio Version 17
VisualStudioVersion = 17.5.2.0
MinimumVisualStudioVersion = 10.0.40219.1
Project("{FAE04EC0-301F-11D3-BF4B-00C04F79EFBC}") = "Firma.Intranet", "Firma.Intranet\Firma.Intranet.csproj", "{4A10955E-2BB5-7524-315E-D055B1E43879}"
EndProject
Project("{FAE04EC0-301F-11D3-BF4B-00C04F79EFBC}") = "Firma.Portal", "Firma.Portal\Firma.Portal.csproj", "{6E15D064-8E16-3090-EEEF-0364F33ADD49}"
EndProject
Project("{FAE04EC0-301F-11D3-BF4B-00C04F79EFBC}") = "Firma.Data", "Firma.Data\Firma.Data.csproj", "{37762CDB-F52B-2154-E98C-06CEC31656CB}"
EndProject
Global
	GlobalSection(SolutionConfigurationPlatforms) = preSolution
		Debug|Any CPU = Debug|Any CPU
		Release|Any CPU = Release|Any CPU
	EndGlobalSection
	GlobalSection(ProjectConfigurationPlatforms) = postSolution
		{4A10955E-2BB5-7524-315E-D055B1E43879}.Debug|Any CPU.ActiveCfg = Debug|Any CPU
		{4A10955E-2BB5-7524-315E-D055B1E43879}.Debug|Any CPU.Build.0 = Debug|Any CPU
		{4A10955E-2BB5-7524-315E-D055B1E43879}.Release|Any CPU.ActiveCfg = Release|Any CPU
		{4A10955E-2BB5-7524-315E-D055B1E43879}.Release|Any CPU.Build.0 = Release|Any CPU
		{6E15D064-8E16-3090-EEEF-0364F33ADD49}.Debug|Any CPU.ActiveCfg = Debug|Any CPU
		{6E15D064-8E16-3090-EEEF-0364F33ADD49}.Debug|Any CPU.Build.0 = Debug|Any CPU
		{6E15D064-8E16-3090-EEEF-0364F33ADD49}.Release|Any CPU.ActiveCfg = Release|Any CPU
		{6E15D064-8E16-3090-EEEF-0364F33ADD49}.Release|Any CPU.Build.0 = Release|Any CPU
		{37762CDB-F52B-2154-E98C-06CEC31656CB}.Debug|Any CPU.ActiveCfg = Debug|Any CPU
		{37762CDB-F52B-2154-E98C-06CEC31656CB}.Debug|Any CPU.Build.0 = Debug|Any CPU
		{37762CDB-F52B-2154-E98C-06CEC31656CB}.Release|Any CPU.ActiveCfg = Release|Any CPU
		{37762CDB-F52B-2154-E98C-06CEC31656CB}.Release|Any CPU.Build.0 = Release|Any CPU
	EndGlobalSection
	GlobalSection(SolutionProperties) = preSolution
		HideSolutionNode = FALSE
	EndGlobalSection
	GlobalSection(ExtensibilityGlobals) = postSolution
		SolutionGuid = {639981D1-935F-4B3C-9DD6-6D946BDEE5F5}
	EndGlobalSection
EndGlobal
